
Microsoft Visual Studio Solution File, Format Version 12.00
# Visual Studio Version 17
VisualStudioVersion = 17.10.34928.147
MinimumVisualStudioVersion = 10.0.40219.1
Project("{FAE04EC0-301F-11D3-BF4B-00C04F79EFBC}") = "MilitaryManagement", "MilitaryManagement.csproj", "{C9C1DD34-46F4-4883-B57C-EC075F63E7B7}"
EndProject
Global
	GlobalSection(SolutionConfigurationPlatforms) = preSolution
		Debug|Any CPU = Debug|Any CPU
		Release|Any CPU = Release|Any CPU
	EndGlobalSection
	GlobalSection(ProjectConfigurationPlatforms) = postSolution
		{C9C1DD34-46F4-4883-B57C-EC075F63E7B7}.Debug|Any CPU.ActiveCfg = Debug|Any CPU
		{C9C1DD34-46F4-4883-B57C-EC075F63E7B7}.Debug|Any CPU.Build.0 = Debug|Any CPU
		{C9C1DD34-46F4-4883-B57C-EC075F63E7B7}.Release|Any CPU.ActiveCfg = Release|Any CPU
		{C9C1DD34-46F4-4883-B57C-EC075F63E7B7}.Release|Any CPU.Build.0 = Release|Any CPU
	EndGlobalSection
	GlobalSection(SolutionProperties) = preSolution
		HideSolutionNode = FALSE
	EndGlobalSection
	GlobalSection(ExtensibilityGlobals) = postSolution
		SolutionGuid = {50AC99EB-7621-4ED9-AFC1-32AC02013997}
	EndGlobalSection
EndGlobal
